
Microsoft Visual Studio Solution File, Format Version 12.00
# Visual Studio Version 16
VisualStudioVersion = 16.0.29306.81
MinimumVisualStudioVersion = 10.0.40219.1
Project("{FAE04EC0-301F-11D3-BF4B-00C04F79EFBC}") = "PCTO_STS", "PCTO_STS\PCTO_STS.csproj", "{592D9B83-88BA-48FE-BABB-D7A082520478}"
EndProject
Global
	GlobalSection(SolutionConfigurationPlatforms) = preSolution
		Debug|Any CPU = Debug|Any CPU
		Release|Any CPU = Release|Any CPU
	EndGlobalSection
	GlobalSection(ProjectConfigurationPlatforms) = postSolution
		{592D9B83-88BA-48FE-BABB-D7A082520478}.Debug|Any CPU.ActiveCfg = Debug|Any CPU
		{592D9B83-88BA-48FE-BABB-D7A082520478}.Debug|Any CPU.Build.0 = Debug|Any CPU
		{592D9B83-88BA-48FE-BABB-D7A082520478}.Release|Any CPU.ActiveCfg = Release|Any CPU
		{592D9B83-88BA-48FE-BABB-D7A082520478}.Release|Any CPU.Build.0 = Release|Any CPU
	EndGlobalSection
	GlobalSection(SolutionProperties) = preSolution
		HideSolutionNode = FALSE
	EndGlobalSection
	GlobalSection(ExtensibilityGlobals) = postSolution
		SolutionGuid = {8EADCA10-BF98-465A-B49F-7F9C98FD086E}
	EndGlobalSection
EndGlobal
